
Microsoft Visual Studio Solution File, Format Version 12.00
# Visual Studio 15
VisualStudioVersion = 15.0.28307.136
MinimumVisualStudioVersion = 10.0.40219.1
Project("{FAE04EC0-301F-11D3-BF4B-00C04F79EFBC}") = "ManagerWinform", "ManagerWinform\ManagerWinform.csproj", "{94FBE895-046C-4151-91F8-804D0D5844A7}"
EndProject
Global
	GlobalSection(SolutionConfigurationPlatforms) = preSolution
		Debug|Any CPU = Debug|Any CPU
		Release|Any CPU = Release|Any CPU
	EndGlobalSection
	GlobalSection(ProjectConfigurationPlatforms) = postSolution
		{94FBE895-046C-4151-91F8-804D0D5844A7}.Debug|Any CPU.ActiveCfg = Debug|Any CPU
		{94FBE895-046C-4151-91F8-804D0D5844A7}.Debug|Any CPU.Build.0 = Debug|Any CPU
		{94FBE895-046C-4151-91F8-804D0D5844A7}.Release|Any CPU.ActiveCfg = Release|Any CPU
		{94FBE895-046C-4151-91F8-804D0D5844A7}.Release|Any CPU.Build.0 = Release|Any CPU
	EndGlobalSection
	GlobalSection(SolutionProperties) = preSolution
		HideSolutionNode = FALSE
	EndGlobalSection
	GlobalSection(ExtensibilityGlobals) = postSolution
		SolutionGuid = {8CDC7347-8C2A-45FD-A236-0E96F528832D}
	EndGlobalSection
EndGlobal
